
Microsoft Visual Studio Solution File, Format Version 12.00
# Visual Studio Version 17
VisualStudioVersion = 17.11.35219.272
MinimumVisualStudioVersion = 10.0.40219.1
Project("{FAE04EC0-301F-11D3-BF4B-00C04F79EFBC}") = "Asztali", "Asztali\Asztali.csproj", "{52F3F1D0-22A9-46F6-8615-8FEE7D82CB1C}"
EndProject
Global
	GlobalSection(SolutionConfigurationPlatforms) = preSolution
		Debug|Any CPU = Debug|Any CPU
		Release|Any CPU = Release|Any CPU
	EndGlobalSection
	GlobalSection(ProjectConfigurationPlatforms) = postSolution
		{52F3F1D0-22A9-46F6-8615-8FEE7D82CB1C}.Debug|Any CPU.ActiveCfg = Debug|Any CPU
		{52F3F1D0-22A9-46F6-8615-8FEE7D82CB1C}.Debug|Any CPU.Build.0 = Debug|Any CPU
		{52F3F1D0-22A9-46F6-8615-8FEE7D82CB1C}.Release|Any CPU.ActiveCfg = Release|Any CPU
		{52F3F1D0-22A9-46F6-8615-8FEE7D82CB1C}.Release|Any CPU.Build.0 = Release|Any CPU
	EndGlobalSection
	GlobalSection(SolutionProperties) = preSolution
		HideSolutionNode = FALSE
	EndGlobalSection
	GlobalSection(ExtensibilityGlobals) = postSolution
		SolutionGuid = {BC855451-96E1-4C26-857C-1B4CA4AD2FC5}
	EndGlobalSection
EndGlobal
